
Microsoft Visual Studio Solution File, Format Version 12.00
# Visual Studio 15
VisualStudioVersion = 15.0.28010.2016
MinimumVisualStudioVersion = 10.0.40219.1
Project("{FAE04EC0-301F-11D3-BF4B-00C04F79EFBC}") = "TrigSolver.WinForms", "TrigSolver.WinForms\TrigSolver.WinForms.csproj", "{EF0DBE71-2842-407D-A64D-07F3361AE72E}"
EndProject
Project("{FAE04EC0-301F-11D3-BF4B-00C04F79EFBC}") = "TrigSolver.Core", "TrigSolver.Core\TrigSolver.Core.csproj", "{52A0050F-4AB7-4698-AC03-43537A60138D}"
EndProject
Project("{FAE04EC0-301F-11D3-BF4B-00C04F79EFBC}") = "TrigSolver.Test", "TrigSolver.Test\TrigSolver.Test.csproj", "{6812B3B4-FFAE-4E3B-9A71-53E367CADDCB}"
EndProject
Global
	GlobalSection(SolutionConfigurationPlatforms) = preSolution
		Debug|Any CPU = Debug|Any CPU
		Release|Any CPU = Release|Any CPU
	EndGlobalSection
	GlobalSection(ProjectConfigurationPlatforms) = postSolution
		{EF0DBE71-2842-407D-A64D-07F3361AE72E}.Debug|Any CPU.ActiveCfg = Debug|Any CPU
		{EF0DBE71-2842-407D-A64D-07F3361AE72E}.Debug|Any CPU.Build.0 = Debug|Any CPU
		{EF0DBE71-2842-407D-A64D-07F3361AE72E}.Release|Any CPU.ActiveCfg = Release|Any CPU
		{EF0DBE71-2842-407D-A64D-07F3361AE72E}.Release|Any CPU.Build.0 = Release|Any CPU
		{52A0050F-4AB7-4698-AC03-43537A60138D}.Debug|Any CPU.ActiveCfg = Debug|Any CPU
		{52A0050F-4AB7-4698-AC03-43537A60138D}.Debug|Any CPU.Build.0 = Debug|Any CPU
		{52A0050F-4AB7-4698-AC03-43537A60138D}.Release|Any CPU.ActiveCfg = Release|Any CPU
		{52A0050F-4AB7-4698-AC03-43537A60138D}.Release|Any CPU.Build.0 = Release|Any CPU
		{6812B3B4-FFAE-4E3B-9A71-53E367CADDCB}.Debug|Any CPU.ActiveCfg = Debug|Any CPU
		{6812B3B4-FFAE-4E3B-9A71-53E367CADDCB}.Debug|Any CPU.Build.0 = Debug|Any CPU
		{6812B3B4-FFAE-4E3B-9A71-53E367CADDCB}.Release|Any CPU.ActiveCfg = Release|Any CPU
		{6812B3B4-FFAE-4E3B-9A71-53E367CADDCB}.Release|Any CPU.Build.0 = Release|Any CPU
	EndGlobalSection
	GlobalSection(SolutionProperties) = preSolution
		HideSolutionNode = FALSE
	EndGlobalSection
	GlobalSection(ExtensibilityGlobals) = postSolution
		SolutionGuid = {0297CBC9-39D0-4463-B17F-D54C573E4CC1}
	EndGlobalSection
EndGlobal
